{
  "name": "Pizza online reactpro",
  "lockfileVersion": 3,
  "requires": true,
  "packages": {
    "": {
      "dependencies": {
        "@fal-works/esbuild-plugin-global-externals": "^2.1.2",
        "esbuild": "^0.19.4",
        "esbuild-sass-plugin": "^2.15.0",
        "fs": "^0.0.1-security",
        "react-router-dom": "^6.22.1",
        "wouter": "^3.0.1",
        "wouter-preact": "^3.0.1"
      }
    },
    "node_modules/@esbuild/android-arm": {
      "version": "0.19.4",
      "resolved": "https://registry.npmjs.org/@esbuild/android-arm/-/android-arm-0.19.4.tgz",
      "integrity": "sha512-uBIbiYMeSsy2U0XQoOGVVcpIktjLMEKa7ryz2RLr7L/vTnANNEsPVAh4xOv7ondGz6ac1zVb0F8Jx20rQikffQ==",
      "cpu": [
        "arm"
      ],
      "optional": true,
      "os": [
        "android"
      ],
      "engines": {
        "node": ">=12"
      }
    },
    "node_modules/@esbuild/android-arm64": {
      "version": "0.19.4",
      "resolved": "https://registry.npmjs.org/@esbuild/android-arm64/-/android-arm64-0.19.4.tgz",
      "integrity": "sha512-mRsi2vJsk4Bx/AFsNBqOH2fqedxn5L/moT58xgg51DjX1la64Z3Npicut2VbhvDFO26qjWtPMsVxCd80YTFVeg==",
      "cpu": [
        "arm64"
      ],
      "optional": true,
      "os": [
        "android"
      ],
      "engines": {
        "node": ">=12"
      }
    },
    "node_modules/@esbuild/android-x64": {
      "version": "0.19.4",
      "resolved": "https://registry.npmjs.org/@esbuild/android-x64/-/android-x64-0.19.4.tgz",
      "integrity": "sha512-4iPufZ1TMOD3oBlGFqHXBpa3KFT46aLl6Vy7gwed0ZSYgHaZ/mihbYb4t7Z9etjkC9Al3ZYIoOaHrU60gcMy7g==",
      "cpu": [
        "x64"
      ],
      "optional": true,
      "os": [
        "android"
      ],
      "engines": {
        "node": ">=12"
      }
    },
    "node_modules/@esbuild/darwin-arm64": {
      "version": "0.19.4",
      "resolved": "https://registry.npmjs.org/@esbuild/darwin-arm64/-/darwin-arm64-0.19.4.tgz",
      "integrity": "sha512-Lviw8EzxsVQKpbS+rSt6/6zjn9ashUZ7Tbuvc2YENgRl0yZTktGlachZ9KMJUsVjZEGFVu336kl5lBgDN6PmpA==",
      "cpu": [
        "arm64"
      ],
      "optional": true,
      "os": [
        "darwin"
      ],
      "engines": {
        "node": ">=12"
      }
    },
    "node_modules/@esbuild/darwin-x64": {
      "version": "0.19.4",
      "resolved": "https://registry.npmjs.org/@esbuild/darwin-x64/-/darwin-x64-0.19.4.tgz",
      "integrity": "sha512-YHbSFlLgDwglFn0lAO3Zsdrife9jcQXQhgRp77YiTDja23FrC2uwnhXMNkAucthsf+Psr7sTwYEryxz6FPAVqw==",
      "cpu": [
        "x64"
      ],
      "optional": true,
      "os": [
        "darwin"
      ],
      "engines": {
        "node": ">=12"
      }
    },
    "node_modules/@esbuild/freebsd-arm64": {
      "version": "0.19.4",
      "resolved": "https://registry.npmjs.org/@esbuild/freebsd-arm64/-/freebsd-arm64-0.19.4.tgz",
      "integrity": "sha512-vz59ijyrTG22Hshaj620e5yhs2dU1WJy723ofc+KUgxVCM6zxQESmWdMuVmUzxtGqtj5heHyB44PjV/HKsEmuQ==",
      "cpu": [
        "arm64"
      ],
      "optional": true,
      "os": [
        "freebsd"
      ],
      "engines": {
        "node": ">=12"
      }
    },
    "node_modules/@esbuild/freebsd-x64": {
      "version": "0.19.4",
      "resolved": "https://registry.npmjs.org/@esbuild/freebsd-x64/-/freebsd-x64-0.19.4.tgz",
      "integrity": "sha512-3sRbQ6W5kAiVQRBWREGJNd1YE7OgzS0AmOGjDmX/qZZecq8NFlQsQH0IfXjjmD0XtUYqr64e0EKNFjMUlPL3Cw==",
      "cpu": [
        "x64"
      ],
      "optional": true,
      "os": [
        "freebsd"
      ],
      "engines": {
        "node": ">=12"
      }
    },
    "node_modules/@esbuild/linux-arm": {
      "version": "0.19.4",
      "resolved": "https://registry.npmjs.org/@esbuild/linux-arm/-/linux-arm-0.19.4.tgz",
      "integrity": "sha512-z/4ArqOo9EImzTi4b6Vq+pthLnepFzJ92BnofU1jgNlcVb+UqynVFdoXMCFreTK7FdhqAzH0vmdwW5373Hm9pg==",
      "cpu": [
        "arm"
      ],
      "optional": true,
      "os": [
        "linux"
      ],
      "engines": {
        "node": ">=12"
      }
    },
    "node_modules/@esbuild/linux-arm64": {
      "version": "0.19.4",
      "resolved": "https://registry.npmjs.org/@esbuild/linux-arm64/-/linux-arm64-0.19.4.tgz",
      "integrity": "sha512-ZWmWORaPbsPwmyu7eIEATFlaqm0QGt+joRE9sKcnVUG3oBbr/KYdNE2TnkzdQwX6EDRdg/x8Q4EZQTXoClUqqA==",
      "cpu": [
        "arm64"
      ],
      "optional": true,
      "os": [
        "linux"
      ],
      "engines": {
        "node": ">=12"
      }
    },
    "node_modules/@esbuild/linux-ia32": {
      "version": "0.19.4",
      "resolved": "https://registry.npmjs.org/@esbuild/linux-ia32/-/linux-ia32-0.19.4.tgz",
      "integrity": "sha512-EGc4vYM7i1GRUIMqRZNCTzJh25MHePYsnQfKDexD8uPTCm9mK56NIL04LUfX2aaJ+C9vyEp2fJ7jbqFEYgO9lQ==",
      "cpu": [
        "ia32"
      ],
      "optional": true,
      "os": [
        "linux"
      ],
      "engines": {
        "node": ">=12"
      }
    },
    "node_modules/@esbuild/linux-loong64": {
      "version": "0.19.4",
      "resolved": "https://registry.npmjs.org/@esbuild/linux-loong64/-/linux-loong64-0.19.4.tgz",
      "integrity": "sha512-WVhIKO26kmm8lPmNrUikxSpXcgd6HDog0cx12BUfA2PkmURHSgx9G6vA19lrlQOMw+UjMZ+l3PpbtzffCxFDRg==",
      "cpu": [
        "loong64"
      ],
      "optional": true,
      "os": [
        "linux"
      ],
      "engines": {
        "node": ">=12"
      }
    },
    "node_modules/@esbuild/linux-mips64el": {
      "version": "0.19.4",
      "resolved": "https://registry.npmjs.org/@esbuild/linux-mips64el/-/linux-mips64el-0.19.4.tgz",
      "integrity": "sha512-keYY+Hlj5w86hNp5JJPuZNbvW4jql7c1eXdBUHIJGTeN/+0QFutU3GrS+c27L+NTmzi73yhtojHk+lr2+502Mw==",
      "cpu": [
        "mips64el"
      ],
      "optional": true,
      "os": [
        "linux"
      ],
      "engines": {
        "node": ">=12"
      }
    },
    "node_modules/@esbuild/linux-ppc64": {
      "version": "0.19.4",
      "resolved": "https://registry.npmjs.org/@esbuild/linux-ppc64/-/linux-ppc64-0.19.4.tgz",
      "integrity": "sha512-tQ92n0WMXyEsCH4m32S21fND8VxNiVazUbU4IUGVXQpWiaAxOBvtOtbEt3cXIV3GEBydYsY8pyeRMJx9kn3rvw==",
      "cpu": [
        "ppc64"
      ],
      "optional": true,
      "os": [
        "linux"
      ],
      "engines": {
        "node": ">=12"
      }
    },
    "node_modules/@esbuild/linux-riscv64": {
      "version": "0.19.4",
      "resolved": "https://registry.npmjs.org/@esbuild/linux-riscv64/-/linux-riscv64-0.19.4.tgz",
      "integrity": "sha512-tRRBey6fG9tqGH6V75xH3lFPpj9E8BH+N+zjSUCnFOX93kEzqS0WdyJHkta/mmJHn7MBaa++9P4ARiU4ykjhig==",
      "cpu": [
        "riscv64"
      ],
      "optional": true,
      "os": [
        "linux"
      ],
      "engines": {
        "node": ">=12"
      }
    },
    "node_modules/@esbuild/linux-s390x": {
      "version": "0.19.4",
      "resolved": "https://registry.npmjs.org/@esbuild/linux-s390x/-/linux-s390x-0.19.4.tgz",
      "integrity": "sha512-152aLpQqKZYhThiJ+uAM4PcuLCAOxDsCekIbnGzPKVBRUDlgaaAfaUl5NYkB1hgY6WN4sPkejxKlANgVcGl9Qg==",
      "cpu": [
        "s390x"
      ],
      "optional": true,
      "os": [
        "linux"
      ],
      "engines": {
        "node": ">=12"
      }
    },
    "node_modules/@esbuild/linux-x64": {
      "version": "0.19.4",
      "resolved": "https://registry.npmjs.org/@esbuild/linux-x64/-/linux-x64-0.19.4.tgz",
      "integrity": "sha512-Mi4aNA3rz1BNFtB7aGadMD0MavmzuuXNTaYL6/uiYIs08U7YMPETpgNn5oue3ICr+inKwItOwSsJDYkrE9ekVg==",
      "cpu": [
        "x64"
      ],
      "optional": true,
      "os": [
        "linux"
      ],
      "engines": {
        "node": ">=12"
      }
    },
    "node_modules/@esbuild/netbsd-x64": {
      "version": "0.19.4",
      "resolved": "https://registry.npmjs.org/@esbuild/netbsd-x64/-/netbsd-x64-0.19.4.tgz",
      "integrity": "sha512-9+Wxx1i5N/CYo505CTT7T+ix4lVzEdz0uCoYGxM5JDVlP2YdDC1Bdz+Khv6IbqmisT0Si928eAxbmGkcbiuM/A==",
      "cpu": [
        "x64"
      ],
      "optional": true,
      "os": [
        "netbsd"
      ],
      "engines": {
        "node": ">=12"
      }
    },
    "node_modules/@esbuild/openbsd-x64": {
      "version": "0.19.4",
      "resolved": "https://registry.npmjs.org/@esbuild/openbsd-x64/-/openbsd-x64-0.19.4.tgz",
      "integrity": "sha512-MFsHleM5/rWRW9EivFssop+OulYVUoVcqkyOkjiynKBCGBj9Lihl7kh9IzrreDyXa4sNkquei5/DTP4uCk25xw==",
      "cpu": [
        "x64"
      ],
      "optional": true,
      "os": [
        "openbsd"
      ],
      "engines": {
        "node": ">=12"
      }
    },
    "node_modules/@esbuild/sunos-x64": {
      "version": "0.19.4",
      "resolved": "https://registry.npmjs.org/@esbuild/sunos-x64/-/sunos-x64-0.19.4.tgz",
      "integrity": "sha512-6Xq8SpK46yLvrGxjp6HftkDwPP49puU4OF0hEL4dTxqCbfx09LyrbUj/D7tmIRMj5D5FCUPksBbxyQhp8tmHzw==",
      "cpu": [
        "x64"
      ],
      "optional": true,
      "os": [
        "sunos"
      ],
      "engines": {
        "node": ">=12"
      }
    },
    "node_modules/@esbuild/win32-arm64": {
      "version": "0.19.4",
      "resolved": "https://registry.npmjs.org/@esbuild/win32-arm64/-/win32-arm64-0.19.4.tgz",
      "integrity": "sha512-PkIl7Jq4mP6ke7QKwyg4fD4Xvn8PXisagV/+HntWoDEdmerB2LTukRZg728Yd1Fj+LuEX75t/hKXE2Ppk8Hh1w==",
      "cpu": [
        "arm64"
      ],
      "optional": true,
      "os": [
        "win32"
      ],
      "engines": {
        "node": ">=12"
      }
    },
    "node_modules/@esbuild/win32-ia32": {
      "version": "0.19.4",
      "resolved": "https://registry.npmjs.org/@esbuild/win32-ia32/-/win32-ia32-0.19.4.tgz",
      "integrity": "sha512-ga676Hnvw7/ycdKB53qPusvsKdwrWzEyJ+AtItHGoARszIqvjffTwaaW3b2L6l90i7MO9i+dlAW415INuRhSGg==",
      "cpu": [
        "ia32"
      ],
      "optional": true,
      "os": [
        "win32"
      ],
      "engines": {
        "node": ">=12"
      }
    },
    "node_modules/@esbuild/win32-x64": {
      "version": "0.19.4",
      "resolved": "https://registry.npmjs.org/@esbuild/win32-x64/-/win32-x64-0.19.4.tgz",
      "integrity": "sha512-HP0GDNla1T3ZL8Ko/SHAS2GgtjOg+VmWnnYLhuTksr++EnduYB0f3Y2LzHsUwb2iQ13JGoY6G3R8h6Du/WG6uA==",
      "cpu": [
        "x64"
      ],
      "optional": true,
      "os": [
        "win32"
      ],
      "engines": {
        "node": ">=12"
      }
    },
    "node_modules/@fal-works/esbuild-plugin-global-externals": {
      "version": "2.1.2",
      "resolved": "https://registry.npmjs.org/@fal-works/esbuild-plugin-global-externals/-/esbuild-plugin-global-externals-2.1.2.tgz",
      "integrity": "sha512-cEee/Z+I12mZcFJshKcCqC8tuX5hG3s+d+9nZ3LabqKF1vKdF41B92pJVCBggjAGORAeOzyyDDKrZwIkLffeOQ=="
    },
    "node_modules/@remix-run/router": {
      "version": "1.15.1",
      "resolved": "https://registry.npmjs.org/@remix-run/router/-/router-1.15.1.tgz",
      "integrity": "sha512-zcU0gM3z+3iqj8UX45AmWY810l3oUmXM7uH4dt5xtzvMhRtYVhKGOmgOd1877dOPPepfCjUv57w+syamWIYe7w==",
      "engines": {
        "node": ">=14.0.0"
      }
    },
    "node_modules/anymatch": {
      "version": "3.1.3",
      "resolved": "https://registry.npmjs.org/anymatch/-/anymatch-3.1.3.tgz",
      "integrity": "sha512-KMReFUr0B4t+D+OBkjR3KYqvocp2XaSzO55UcB6mgQMd3KbcE+mWTyvVV7D/zsdEbNnV6acZUutkiHQXvTr1Rw==",
      "dependencies": {
        "normalize-path": "^3.0.0",
        "picomatch": "^2.0.4"
      },
      "engines": {
        "node": ">= 8"
      }
    },
    "node_modules/binary-extensions": {
      "version": "2.2.0",
      "resolved": "https://registry.npmjs.org/binary-extensions/-/binary-extensions-2.2.0.tgz",
      "integrity": "sha512-jDctJ/IVQbZoJykoeHbhXpOlNBqGNcwXJKJog42E5HDPUwQTSdjCHdihjj0DlnheQ7blbT6dHOafNAiS8ooQKA==",
      "engines": {
        "node": ">=8"
      }
    },
    "node_modules/braces": {
      "version": "3.0.2",
      "resolved": "https://registry.npmjs.org/braces/-/braces-3.0.2.tgz",
      "integrity": "sha512-b8um+L1RzM3WDSzvhm6gIz1yfTbBt6YTlcEKAvsmqCZZFw46z626lVj9j1yEPW33H5H+lBQpZMP1k8l+78Ha0A==",
      "dependencies": {
        "fill-range": "^7.0.1"
      },
      "engines": {
        "node": ">=8"
      }
    },
    "node_modules/chokidar": {
      "version": "3.5.3",
      "resolved": "https://registry.npmjs.org/chokidar/-/chokidar-3.5.3.tgz",
      "integrity": "sha512-Dr3sfKRP6oTcjf2JmUmFJfeVMvXBdegxB0iVQ5eb2V10uFJUCAS8OByZdVAyVb8xXNz3GjjTgj9kLWsZTqE6kw==",
      "funding": [
        {
          "type": "individual",
          "url": "https://paulmillr.com/funding/"
        }
      ],
      "dependencies": {
        "anymatch": "~3.1.2",
        "braces": "~3.0.2",
        "glob-parent": "~5.1.2",
        "is-binary-path": "~2.1.0",
        "is-glob": "~4.0.1",
        "normalize-path": "~3.0.0",
        "readdirp": "~3.6.0"
      },
      "engines": {
        "node": ">= 8.10.0"
      },
      "optionalDependencies": {
        "fsevents": "~2.3.2"
      }
    },
    "node_modules/esbuild": {
      "version": "0.19.4",
      "resolved": "https://registry.npmjs.org/esbuild/-/esbuild-0.19.4.tgz",
      "integrity": "sha512-x7jL0tbRRpv4QUyuDMjONtWFciygUxWaUM1kMX2zWxI0X2YWOt7MSA0g4UdeSiHM8fcYVzpQhKYOycZwxTdZkA==",
      "hasInstallScript": true,
      "bin": {
        "esbuild": "bin/esbuild"
      },
      "engines": {
        "node": ">=12"
      },
      "optionalDependencies": {
        "@esbuild/android-arm": "0.19.4",
        "@esbuild/android-arm64": "0.19.4",
        "@esbuild/android-x64": "0.19.4",
        "@esbuild/darwin-arm64": "0.19.4",
        "@esbuild/darwin-x64": "0.19.4",
        "@esbuild/freebsd-arm64": "0.19.4",
        "@esbuild/freebsd-x64": "0.19.4",
        "@esbuild/linux-arm": "0.19.4",
        "@esbuild/linux-arm64": "0.19.4",
        "@esbuild/linux-ia32": "0.19.4",
        "@esbuild/linux-loong64": "0.19.4",
        "@esbuild/linux-mips64el": "0.19.4",
        "@esbuild/linux-ppc64": "0.19.4",
        "@esbuild/linux-riscv64": "0.19.4",
        "@esbuild/linux-s390x": "0.19.4",
        "@esbuild/linux-x64": "0.19.4",
        "@esbuild/netbsd-x64": "0.19.4",
        "@esbuild/openbsd-x64": "0.19.4",
        "@esbuild/sunos-x64": "0.19.4",
        "@esbuild/win32-arm64": "0.19.4",
        "@esbuild/win32-ia32": "0.19.4",
        "@esbuild/win32-x64": "0.19.4"
      }
    },
    "node_modules/esbuild-sass-plugin": {
      "version": "2.15.0",
      "resolved": "https://registry.npmjs.org/esbuild-sass-plugin/-/esbuild-sass-plugin-2.15.0.tgz",
      "integrity": "sha512-T0GCHVfeuGBBgY5k19RbExd7vVuC3lzrK8IZbXOqZftw6N9lTBnZuqKhnhdAJBcu6wek7K/fXJ2zzY6KrcNtAg==",
      "dependencies": {
        "resolve": "^1.22.2",
        "sass": "^1.65.1"
      },
      "peerDependencies": {
        "esbuild": "^0.19.1"
      }
    },
    "node_modules/fill-range": {
      "version": "7.0.1",
      "resolved": "https://registry.npmjs.org/fill-range/-/fill-range-7.0.1.tgz",
      "integrity": "sha512-qOo9F+dMUmC2Lcb4BbVvnKJxTPjCm+RRpe4gDuGrzkL7mEVl/djYSu2OdQ2Pa302N4oqkSg9ir6jaLWJ2USVpQ==",
      "dependencies": {
        "to-regex-range": "^5.0.1"
      },
      "engines": {
        "node": ">=8"
      }
    },
    "node_modules/fs": {
      "version": "0.0.1-security",
      "resolved": "https://registry.npmjs.org/fs/-/fs-0.0.1-security.tgz",
      "integrity": "sha512-3XY9e1pP0CVEUCdj5BmfIZxRBTSDycnbqhIOGec9QYtmVH2fbLpj86CFWkrNOkt/Fvty4KZG5lTglL9j/gJ87w=="
    },
    "node_modules/fsevents": {
      "version": "2.3.3",
      "resolved": "https://registry.npmjs.org/fsevents/-/fsevents-2.3.3.tgz",
      "integrity": "sha512-5xoDfX+fL7faATnagmWPpbFtwh/R77WmMMqqHGS65C3vvB0YHrgF+B1YmZ3441tMj5n63k0212XNoJwzlhffQw==",
      "hasInstallScript": true,
      "optional": true,
      "os": [
        "darwin"
      ],
      "engines": {
        "node": "^8.16.0 || ^10.6.0 || >=11.0.0"
      }
    },
    "node_modules/function-bind": {
      "version": "1.1.1",
      "resolved": "https://registry.npmjs.org/function-bind/-/function-bind-1.1.1.tgz",
      "integrity": "sha512-yIovAzMX49sF8Yl58fSCWJ5svSLuaibPxXQJFLmBObTuCr0Mf1KiPopGM9NiFjiYBCbfaa2Fh6breQ6ANVTI0A=="
    },
    "node_modules/glob-parent": {
      "version": "5.1.2",
      "resolved": "https://registry.npmjs.org/glob-parent/-/glob-parent-5.1.2.tgz",
      "integrity": "sha512-AOIgSQCepiJYwP3ARnGx+5VnTu2HBYdzbGP45eLw1vr3zB3vZLeyed1sC9hnbcOc9/SrMyM5RPQrkGz4aS9Zow==",
      "dependencies": {
        "is-glob": "^4.0.1"
      },
      "engines": {
        "node": ">= 6"
      }
    },
    "node_modules/has": {
      "version": "1.0.3",
      "resolved": "https://registry.npmjs.org/has/-/has-1.0.3.tgz",
      "integrity": "sha512-f2dvO0VU6Oej7RkWJGrehjbzMAjFp5/VKPp5tTpWIV4JHHZK1/BxbFRtf/siA2SWTe09caDmVtYYzWEIbBS4zw==",
      "dependencies": {
        "function-bind": "^1.1.1"
      },
      "engines": {
        "node": ">= 0.4.0"
      }
    },
    "node_modules/immutable": {
      "version": "4.3.4",
      "resolved": "https://registry.npmjs.org/immutable/-/immutable-4.3.4.tgz",
      "integrity": "sha512-fsXeu4J4i6WNWSikpI88v/PcVflZz+6kMhUfIwc5SY+poQRPnaf5V7qds6SUyUN3cVxEzuCab7QIoLOQ+DQ1wA=="
    },
    "node_modules/is-binary-path": {
      "version": "2.1.0",
      "resolved": "https://registry.npmjs.org/is-binary-path/-/is-binary-path-2.1.0.tgz",
      "integrity": "sha512-ZMERYes6pDydyuGidse7OsHxtbI7WVeUEozgR/g7rd0xUimYNlvZRE/K2MgZTjWy725IfelLeVcEM97mmtRGXw==",
      "dependencies": {
        "binary-extensions": "^2.0.0"
      },
      "engines": {
        "node": ">=8"
      }
    },
    "node_modules/is-core-module": {
      "version": "2.13.0",
      "resolved": "https://registry.npmjs.org/is-core-module/-/is-core-module-2.13.0.tgz",
      "integrity": "sha512-Z7dk6Qo8pOCp3l4tsX2C5ZVas4V+UxwQodwZhLopL91TX8UyyHEXafPcyoeeWuLrwzHcr3igO78wNLwHJHsMCQ==",
      "dependencies": {
        "has": "^1.0.3"
      },
      "funding": {
        "url": "https://github.com/sponsors/ljharb"
      }
    },
    "node_modules/is-extglob": {
      "version": "2.1.1",
      "resolved": "https://registry.npmjs.org/is-extglob/-/is-extglob-2.1.1.tgz",
      "integrity": "sha512-SbKbANkN603Vi4jEZv49LeVJMn4yGwsbzZworEoyEiutsN3nJYdbO36zfhGJ6QEDpOZIFkDtnq5JRxmvl3jsoQ==",
      "engines": {
        "node": ">=0.10.0"
      }
    },
    "node_modules/is-glob": {
      "version": "4.0.3",
      "resolved": "https://registry.npmjs.org/is-glob/-/is-glob-4.0.3.tgz",
      "integrity": "sha512-xelSayHH36ZgE7ZWhli7pW34hNbNl8Ojv5KVmkJD4hBdD3th8Tfk9vYasLM+mXWOZhFkgZfxhLSnrwRr4elSSg==",
      "dependencies": {
        "is-extglob": "^2.1.1"
      },
      "engines": {
        "node": ">=0.10.0"
      }
    },
    "node_modules/is-number": {
      "version": "7.0.0",
      "resolved": "https://registry.npmjs.org/is-number/-/is-number-7.0.0.tgz",
      "integrity": "sha512-41Cifkg6e8TylSpdtTpeLVMqvSBEVzTttHvERD741+pnZ8ANv0004MRL43QKPDlK9cGvNp6NZWZUBlbGXYxxng==",
      "engines": {
        "node": ">=0.12.0"
      }
    },
    "node_modules/js-tokens": {
      "version": "4.0.0",
      "resolved": "https://registry.npmjs.org/js-tokens/-/js-tokens-4.0.0.tgz",
      "integrity": "sha512-RdJUflcE3cUzKiMqQgsCu06FPu9UdIJO0beYbPhHN4k6apgJtifcoCtT9bcxOpYBtpD2kCM6Sbzg4CausW/PKQ==",
      "peer": true
    },
    "node_modules/loose-envify": {
      "version": "1.4.0",
      "resolved": "https://registry.npmjs.org/loose-envify/-/loose-envify-1.4.0.tgz",
      "integrity": "sha512-lyuxPGr/Wfhrlem2CL/UcnUc1zcqKAImBDzukY7Y5F/yQiNdko6+fRLevlw1HgMySw7f611UIY408EtxRSoK3Q==",
      "peer": true,
      "dependencies": {
        "js-tokens": "^3.0.0 || ^4.0.0"
      },
      "bin": {
        "loose-envify": "cli.js"
      }
    },
    "node_modules/mitt": {
      "version": "3.0.1",
      "resolved": "https://registry.npmjs.org/mitt/-/mitt-3.0.1.tgz",
      "integrity": "sha512-vKivATfr97l2/QBCYAkXYDbrIWPM2IIKEl7YPhjCvKlG3kE2gm+uBo6nEXK3M5/Ffh/FLpKExzOQ3JJoJGFKBw=="
    },
    "node_modules/normalize-path": {
      "version": "3.0.0",
      "resolved": "https://registry.npmjs.org/normalize-path/-/normalize-path-3.0.0.tgz",
      "integrity": "sha512-6eZs5Ls3WtCisHWp9S2GUy8dqkpGi4BVSz3GaqiE6ezub0512ESztXUwUB6C6IKbQkY2Pnb/mD4WYojCRwcwLA==",
      "engines": {
        "node": ">=0.10.0"
      }
    },
    "node_modules/path-parse": {
      "version": "1.0.7",
      "resolved": "https://registry.npmjs.org/path-parse/-/path-parse-1.0.7.tgz",
      "integrity": "sha512-LDJzPVEEEPR+y48z93A0Ed0yXb8pAByGWo/k5YYdYgpY2/2EsOsksJrq7lOHxryrVOn1ejG6oAp8ahvOIQD8sw=="
    },
    "node_modules/picomatch": {
      "version": "2.3.1",
      "resolved": "https://registry.npmjs.org/picomatch/-/picomatch-2.3.1.tgz",
      "integrity": "sha512-JU3teHTNjmE2VCGFzuY8EXzCDVwEqB2a8fsIvwaStHhAWJEeVd1o1QD80CU6+ZdEXXSLbSsuLwJjkCBWqRQUVA==",
      "engines": {
        "node": ">=8.6"
      },
      "funding": {
        "url": "https://github.com/sponsors/jonschlinkert"
      }
    },
    "node_modules/preact": {
      "version": "10.19.6",
      "resolved": "https://registry.npmjs.org/preact/-/preact-10.19.6.tgz",
      "integrity": "sha512-gympg+T2Z1fG1unB8NH29yHJwnEaCH37Z32diPDku316OTnRPeMbiRV9kTrfZpocXjdfnWuFUl/Mj4BHaf6gnw==",
      "peer": true,
      "funding": {
        "type": "opencollective",
        "url": "https://opencollective.com/preact"
      }
    },
    "node_modules/react": {
      "version": "18.2.0",
      "resolved": "https://registry.npmjs.org/react/-/react-18.2.0.tgz",
      "integrity": "sha512-/3IjMdb2L9QbBdWiW5e3P2/npwMBaU9mHCSCUzNln0ZCYbcfTsGbTJrU/kGemdH2IWmB2ioZ+zkxtmq6g09fGQ==",
      "peer": true,
      "dependencies": {
        "loose-envify": "^1.1.0"
      },
      "engines": {
        "node": ">=0.10.0"
      }
    },
    "node_modules/react-dom": {
      "version": "18.2.0",
      "resolved": "https://registry.npmjs.org/react-dom/-/react-dom-18.2.0.tgz",
      "integrity": "sha512-6IMTriUmvsjHUjNtEDudZfuDQUoWXVxKHhlEGSk81n4YFS+r/Kl99wXiwlVXtPBtJenozv2P+hxDsw9eA7Xo6g==",
      "peer": true,
      "dependencies": {
        "loose-envify": "^1.1.0",
        "scheduler": "^0.23.0"
      },
      "peerDependencies": {
        "react": "^18.2.0"
      }
    },
    "node_modules/react-router": {
      "version": "6.22.1",
      "resolved": "https://registry.npmjs.org/react-router/-/react-router-6.22.1.tgz",
      "integrity": "sha512-0pdoRGwLtemnJqn1K0XHUbnKiX0S4X8CgvVVmHGOWmofESj31msHo/1YiqcJWK7Wxfq2a4uvvtS01KAQyWK/CQ==",
      "dependencies": {
        "@remix-run/router": "1.15.1"
      },
      "engines": {
        "node": ">=14.0.0"
      },
      "peerDependencies": {
        "react": ">=16.8"
      }
    },
    "node_modules/react-router-dom": {
      "version": "6.22.1",
      "resolved": "https://registry.npmjs.org/react-router-dom/-/react-router-dom-6.22.1.tgz",
      "integrity": "sha512-iwMyyyrbL7zkKY7MRjOVRy+TMnS/OPusaFVxM2P11x9dzSzGmLsebkCvYirGq0DWB9K9hOspHYYtDz33gE5Duw==",
      "dependencies": {
        "@remix-run/router": "1.15.1",
        "react-router": "6.22.1"
      },
      "engines": {
        "node": ">=14.0.0"
      },
      "peerDependencies": {
        "react": ">=16.8",
        "react-dom": ">=16.8"
      }
    },
    "node_modules/readdirp": {
      "version": "3.6.0",
      "resolved": "https://registry.npmjs.org/readdirp/-/readdirp-3.6.0.tgz",
      "integrity": "sha512-hOS089on8RduqdbhvQ5Z37A0ESjsqz6qnRcffsMU3495FuTdqSm+7bhJ29JvIOsBDEEnan5DPu9t3To9VRlMzA==",
      "dependencies": {
        "picomatch": "^2.2.1"
      },
      "engines": {
        "node": ">=8.10.0"
      }
    },
    "node_modules/regexparam": {
      "version": "3.0.0",
      "resolved": "https://registry.npmjs.org/regexparam/-/regexparam-3.0.0.tgz",
      "integrity": "sha512-RSYAtP31mvYLkAHrOlh25pCNQ5hWnT106VukGaaFfuJrZFkGRX5GhUAdPqpSDXxOhA2c4akmRuplv1mRqnBn6Q==",
      "engines": {
        "node": ">=8"
      }
    },
    "node_modules/resolve": {
      "version": "1.22.6",
      "resolved": "https://registry.npmjs.org/resolve/-/resolve-1.22.6.tgz",
      "integrity": "sha512-njhxM7mV12JfufShqGy3Rz8j11RPdLy4xi15UurGJeoHLfJpVXKdh3ueuOqbYUcDZnffr6X739JBo5LzyahEsw==",
      "dependencies": {
        "is-core-module": "^2.13.0",
        "path-parse": "^1.0.7",
        "supports-preserve-symlinks-flag": "^1.0.0"
      },
      "bin": {
        "resolve": "bin/resolve"
      },
      "funding": {
        "url": "https://github.com/sponsors/ljharb"
      }
    },
    "node_modules/sass": {
      "version": "1.68.0",
      "resolved": "https://registry.npmjs.org/sass/-/sass-1.68.0.tgz",
      "integrity": "sha512-Lmj9lM/fef0nQswm1J2HJcEsBUba4wgNx2fea6yJHODREoMFnwRpZydBnX/RjyXw2REIwdkbqE4hrTo4qfDBUA==",
      "dependencies": {
        "chokidar": ">=3.0.0 <4.0.0",
        "immutable": "^4.0.0",
        "source-map-js": ">=0.6.2 <2.0.0"
      },
      "bin": {
        "sass": "sass.js"
      },
      "engines": {
        "node": ">=14.0.0"
      }
    },
    "node_modules/scheduler": {
      "version": "0.23.0",
      "resolved": "https://registry.npmjs.org/scheduler/-/scheduler-0.23.0.tgz",
      "integrity": "sha512-CtuThmgHNg7zIZWAXi3AsyIzA3n4xx7aNyjwC2VJldO2LMVDhFK+63xGqq6CsJH4rTAt6/M+N4GhZiDYPx9eUw==",
      "peer": true,
      "dependencies": {
        "loose-envify": "^1.1.0"
      }
    },
    "node_modules/source-map-js": {
      "version": "1.0.2",
      "resolved": "https://registry.npmjs.org/source-map-js/-/source-map-js-1.0.2.tgz",
      "integrity": "sha512-R0XvVJ9WusLiqTCEiGCmICCMplcCkIwwR11mOSD9CR5u+IXYdiseeEuXCVAjS54zqwkLcPNnmU4OeJ6tUrWhDw==",
      "engines": {
        "node": ">=0.10.0"
      }
    },
    "node_modules/supports-preserve-symlinks-flag": {
      "version": "1.0.0",
      "resolved": "https://registry.npmjs.org/supports-preserve-symlinks-flag/-/supports-preserve-symlinks-flag-1.0.0.tgz",
      "integrity": "sha512-ot0WnXS9fgdkgIcePe6RHNk1WA8+muPa6cSjeR3V8K27q9BB1rTE3R1p7Hv0z1ZyAc8s6Vvv8DIyWf681MAt0w==",
      "engines": {
        "node": ">= 0.4"
      },
      "funding": {
        "url": "https://github.com/sponsors/ljharb"
      }
    },
    "node_modules/to-regex-range": {
      "version": "5.0.1",
      "resolved": "https://registry.npmjs.org/to-regex-range/-/to-regex-range-5.0.1.tgz",
      "integrity": "sha512-65P7iz6X5yEr1cwcgvQxbbIw7Uk3gOy5dIdtZ4rDveLqhrdJP+Li/Hx6tyK0NEb+2GCyneCMJiGqrADCSNk8sQ==",
      "dependencies": {
        "is-number": "^7.0.0"
      },
      "engines": {
        "node": ">=8.0"
      }
    },
    "node_modules/use-sync-external-store": {
      "version": "1.2.0",
      "resolved": "https://registry.npmjs.org/use-sync-external-store/-/use-sync-external-store-1.2.0.tgz",
      "integrity": "sha512-eEgnFxGQ1Ife9bzYs6VLi8/4X6CObHMw9Qr9tPY43iKwsPw8xE8+EFsf/2cFZ5S3esXgpWgtSCtLNS41F+sKPA==",
      "peerDependencies": {
        "react": "^16.8.0 || ^17.0.0 || ^18.0.0"
      }
    },
    "node_modules/wouter": {
      "version": "3.0.1",
      "resolved": "https://registry.npmjs.org/wouter/-/wouter-3.0.1.tgz",
      "integrity": "sha512-Wv2FSH56LchrKKoiGXn2F8ZA9gLgKiI3JVtI64DhZXXOtbgV/pFKSyMZ5ds94LoKxkGAyNEKK0LAnTMR0LMp3g==",
      "dependencies": {
        "mitt": "^3.0.1",
        "regexparam": "^3.0.0",
        "use-sync-external-store": "^1.0.0"
      },
      "peerDependencies": {
        "react": ">=16.8.0"
      }
    },
    "node_modules/wouter-preact": {
      "version": "3.0.1",
      "resolved": "https://registry.npmjs.org/wouter-preact/-/wouter-preact-3.0.1.tgz",
      "integrity": "sha512-nfNhl3IKtDEAFW8fKKbdsYRoqhR6zIhJ5EK0Mv/6dyIrhQ9iEm5ibOBmozAnwbQFHFZ6csMPW87C1K6v5vPhqA==",
      "dependencies": {
        "mitt": "^3.0.1",
        "regexparam": "^3.0.0"
      },
      "peerDependencies": {
        "preact": "^10.0.0"
      }
    }
  }
}
